
Microsoft Visual Studio Solution File, Format Version 12.00
# Visual Studio Version 17
VisualStudioVersion = 17.6.33815.320
MinimumVisualStudioVersion = 10.0.40219.1
Project("{FAE04EC0-301F-11D3-BF4B-00C04F79EFBC}") = "PCinfoServer", "PCinfoServer.csproj", "{D20FE89C-9A88-4DC5-B039-DC349581CDCC}"
EndProject
Global
	GlobalSection(SolutionConfigurationPlatforms) = preSolution
		Debug|Any CPU = Debug|Any CPU
		Release|Any CPU = Release|Any CPU
	EndGlobalSection
	GlobalSection(ProjectConfigurationPlatforms) = postSolution
		{D20FE89C-9A88-4DC5-B039-DC349581CDCC}.Debug|Any CPU.ActiveCfg = Debug|Any CPU
		{D20FE89C-9A88-4DC5-B039-DC349581CDCC}.Debug|Any CPU.Build.0 = Debug|Any CPU
		{D20FE89C-9A88-4DC5-B039-DC349581CDCC}.Release|Any CPU.ActiveCfg = Release|Any CPU
		{D20FE89C-9A88-4DC5-B039-DC349581CDCC}.Release|Any CPU.Build.0 = Release|Any CPU
	EndGlobalSection
	GlobalSection(SolutionProperties) = preSolution
		HideSolutionNode = FALSE
	EndGlobalSection
	GlobalSection(ExtensibilityGlobals) = postSolution
		SolutionGuid = {6F7BB45B-E69A-448B-872E-DC0E76109000}
	EndGlobalSection
EndGlobal
